
Microsoft Visual Studio Solution File, Format Version 12.00
# Visual Studio Version 16
VisualStudioVersion = 16.0.28803.156
MinimumVisualStudioVersion = 10.0.40219.1
Project("{9A19103F-16F7-4668-BE54-9A1E7A4F7556}") = "inHealthTechnicalExam", "inHealthTechnicalExam\inHealthTechnicalExam.csproj", "{F500B89F-601F-4421-84DF-E3ACE6203DBF}"
EndProject
Global
	GlobalSection(SolutionConfigurationPlatforms) = preSolution
		Debug|Any CPU = Debug|Any CPU
		Release|Any CPU = Release|Any CPU
	EndGlobalSection
	GlobalSection(ProjectConfigurationPlatforms) = postSolution
		{F500B89F-601F-4421-84DF-E3ACE6203DBF}.Debug|Any CPU.ActiveCfg = Debug|Any CPU
		{F500B89F-601F-4421-84DF-E3ACE6203DBF}.Debug|Any CPU.Build.0 = Debug|Any CPU
		{F500B89F-601F-4421-84DF-E3ACE6203DBF}.Release|Any CPU.ActiveCfg = Release|Any CPU
		{F500B89F-601F-4421-84DF-E3ACE6203DBF}.Release|Any CPU.Build.0 = Release|Any CPU
	EndGlobalSection
	GlobalSection(SolutionProperties) = preSolution
		HideSolutionNode = FALSE
	EndGlobalSection
	GlobalSection(ExtensibilityGlobals) = postSolution
		SolutionGuid = {C8CA7A8F-1B22-4B79-A2EE-AF16FF3FED23}
	EndGlobalSection
EndGlobal
